
Microsoft Visual Studio Solution File, Format Version 12.00
# Visual Studio Version 17
VisualStudioVersion = 17.6.33815.320
MinimumVisualStudioVersion = 10.0.40219.1
Project("{FAE04EC0-301F-11D3-BF4B-00C04F79EFBC}") = "LMS_System", "LMS_System\LMS_System.csproj", "{D8C1CCC9-AE11-4C4C-A885-A85D45F9C387}"
EndProject
Global
	GlobalSection(SolutionConfigurationPlatforms) = preSolution
		Debug|Any CPU = Debug|Any CPU
		Release|Any CPU = Release|Any CPU
	EndGlobalSection
	GlobalSection(ProjectConfigurationPlatforms) = postSolution
		{D8C1CCC9-AE11-4C4C-A885-A85D45F9C387}.Debug|Any CPU.ActiveCfg = Debug|Any CPU
		{D8C1CCC9-AE11-4C4C-A885-A85D45F9C387}.Debug|Any CPU.Build.0 = Debug|Any CPU
		{D8C1CCC9-AE11-4C4C-A885-A85D45F9C387}.Release|Any CPU.ActiveCfg = Release|Any CPU
		{D8C1CCC9-AE11-4C4C-A885-A85D45F9C387}.Release|Any CPU.Build.0 = Release|Any CPU
	EndGlobalSection
	GlobalSection(SolutionProperties) = preSolution
		HideSolutionNode = FALSE
	EndGlobalSection
	GlobalSection(ExtensibilityGlobals) = postSolution
		SolutionGuid = {CBC99E5B-8680-470D-99E7-D1E8F84AD60C}
	EndGlobalSection
EndGlobal
